
Microsoft Visual Studio Solution File, Format Version 12.00
# Visual Studio Version 16
VisualStudioVersion = 16.0.31321.278
MinimumVisualStudioVersion = 10.0.40219.1
Project("{FAE04EC0-301F-11D3-BF4B-00C04F79EFBC}") = "BasketballTeamRyberg", "BasketballTeamRyberg\BasketballTeamRyberg.csproj", "{EA093B8B-E276-42D3-8AB6-ED08C1546A29}"
EndProject
Global
	GlobalSection(SolutionConfigurationPlatforms) = preSolution
		Debug|Any CPU = Debug|Any CPU
		Release|Any CPU = Release|Any CPU
	EndGlobalSection
	GlobalSection(ProjectConfigurationPlatforms) = postSolution
		{EA093B8B-E276-42D3-8AB6-ED08C1546A29}.Debug|Any CPU.ActiveCfg = Debug|Any CPU
		{EA093B8B-E276-42D3-8AB6-ED08C1546A29}.Debug|Any CPU.Build.0 = Debug|Any CPU
		{EA093B8B-E276-42D3-8AB6-ED08C1546A29}.Release|Any CPU.ActiveCfg = Release|Any CPU
		{EA093B8B-E276-42D3-8AB6-ED08C1546A29}.Release|Any CPU.Build.0 = Release|Any CPU
	EndGlobalSection
	GlobalSection(SolutionProperties) = preSolution
		HideSolutionNode = FALSE
	EndGlobalSection
	GlobalSection(ExtensibilityGlobals) = postSolution
		SolutionGuid = {82DDE276-3C5C-4026-B537-A02588F481FC}
	EndGlobalSection
EndGlobal
